// !$*UTF8*$!
{
	archiveVersion = 1;
	classes = {
	};
	objectVersion = 55;
	objects = {

/* Begin PBXBuildFile section */
		6487F62828A27E8C00C91F1C /* AppDelegate.swift in Sources */ = {isa = PBXBuildFile; fileRef = 6487F62728A27E8C00C91F1C /* AppDelegate.swift */; };
		6487F62A28A27E8C00C91F1C /* SceneDelegate.swift in Sources */ = {isa = PBXBuildFile; fileRef = 6487F62928A27E8C00C91F1C /* SceneDelegate.swift */; };
		6487F62C28A27E8C00C91F1C /* ViewController.swift in Sources */ = {isa = PBXBuildFile; fileRef = 6487F62B28A27E8C00C91F1C /* ViewController.swift */; };
		6487F63128A27E8E00C91F1C /* Assets.xcassets in Resources */ = {isa = PBXBuildFile; fileRef = 6487F63028A27E8E00C91F1C /* Assets.xcassets */; };
		6487F63428A27E8E00C91F1C /* LaunchScreen.storyboard in Resources */ = {isa = PBXBuildFile; fileRef = 6487F63228A27E8E00C91F1C /* LaunchScreen.storyboard */; };
		6487F63F28A27E8E00C91F1C /* CBL_Networking_SocialTests.swift in Sources */ = {isa = PBXBuildFile; fileRef = 6487F63E28A27E8E00C91F1C /* CBL_Networking_SocialTests.swift */; };
		6487F64928A27E8E00C91F1C /* CBL_Networking_SocialUITests.swift in Sources */ = {isa = PBXBuildFile; fileRef = 6487F64828A27E8E00C91F1C /* CBL_Networking_SocialUITests.swift */; };
		6487F64B28A27E8E00C91F1C /* CBL_Networking_SocialUITestsLaunchTests.swift in Sources */ = {isa = PBXBuildFile; fileRef = 6487F64A28A27E8E00C91F1C /* CBL_Networking_SocialUITestsLaunchTests.swift */; };
		6487F65E28A2808F00C91F1C /* API.swift in Sources */ = {isa = PBXBuildFile; fileRef = 6487F65D28A2808F00C91F1C /* API.swift */; };
		6487F66028A280C600C91F1C /* UsersModel.swift in Sources */ = {isa = PBXBuildFile; fileRef = 6487F65F28A280C600C91F1C /* UsersModel.swift */; };
		6487F66228A280D100C91F1C /* PostsModel.swift in Sources */ = {isa = PBXBuildFile; fileRef = 6487F66128A280D100C91F1C /* PostsModel.swift */; };
		6487F66428A2810A00C91F1C /* CreateUserView.swift in Sources */ = {isa = PBXBuildFile; fileRef = 6487F66328A2810A00C91F1C /* CreateUserView.swift */; };
		6487F66628A2812D00C91F1C /* LoginView.swift in Sources */ = {isa = PBXBuildFile; fileRef = 6487F66528A2812D00C91F1C /* LoginView.swift */; };
		6487F66A28A2816A00C91F1C /* PostsView.swift in Sources */ = {isa = PBXBuildFile; fileRef = 6487F66928A2816A00C91F1C /* PostsView.swift */; };
		6487F66C28A281AA00C91F1C /* CreatVC.swift in Sources */ = {isa = PBXBuildFile; fileRef = 6487F66B28A281AA00C91F1C /* CreatVC.swift */; };
		6487F6EF28AD5CD100C91F1C /* KeyChain.swift in Sources */ = {isa = PBXBuildFile; fileRef = 6487F6EE28AD5CD100C91F1C /* KeyChain.swift */; };
		6487F6F128AE771400C91F1C /* LoginViewController.swift in Sources */ = {isa = PBXBuildFile; fileRef = 6487F6F028AE771400C91F1C /* LoginViewController.swift */; };
		6487F6F328AE7B7400C91F1C /* CreateUserViewController.swift in Sources */ = {isa = PBXBuildFile; fileRef = 6487F6F228AE7B7400C91F1C /* CreateUserViewController.swift */; };
		6487F6F528AE7BD000C91F1C /* PostsViewController.swift in Sources */ = {isa = PBXBuildFile; fileRef = 6487F6F428AE7BD000C91F1C /* PostsViewController.swift */; };
/* End PBXBuildFile section */

/* Begin PBXContainerItemProxy section */
		6487F63B28A27E8E00C91F1C /* PBXContainerItemProxy */ = {
			isa = PBXContainerItemProxy;
			containerPortal = 6487F61C28A27E8C00C91F1C /* Project object */;
			proxyType = 1;
			remoteGlobalIDString = 6487F62328A27E8C00C91F1C;
			remoteInfo = "CBL Networking Social";
		};
		6487F64528A27E8E00C91F1C /* PBXContainerItemProxy */ = {
			isa = PBXContainerItemProxy;
			containerPortal = 6487F61C28A27E8C00C91F1C /* Project object */;
			proxyType = 1;
			remoteGlobalIDString = 6487F62328A27E8C00C91F1C;
			remoteInfo = "CBL Networking Social";
		};
/* End PBXContainerItemProxy section */

/* Begin PBXFileReference section */
		6487F62428A27E8C00C91F1C /* CBL Networking Social.app */ = {isa = PBXFileReference; explicitFileType = wrapper.application; includeInIndex = 0; path = "CBL Networking Social.app"; sourceTree = BUILT_PRODUCTS_DIR; };
		6487F62728A27E8C00C91F1C /* AppDelegate.swift */ = {isa = PBXFileReference; lastKnownFileType = sourcecode.swift; path = AppDelegate.swift; sourceTree = "<group>"; };
		6487F62928A27E8C00C91F1C /* SceneDelegate.swift */ = {isa = PBXFileReference; lastKnownFileType = sourcecode.swift; path = SceneDelegate.swift; sourceTree = "<group>"; };
		6487F62B28A27E8C00C91F1C /* ViewController.swift */ = {isa = PBXFileReference; lastKnownFileType = sourcecode.swift; path = ViewController.swift; sourceTree = "<group>"; };
		6487F63028A27E8E00C91F1C /* Assets.xcassets */ = {isa = PBXFileReference; lastKnownFileType = folder.assetcatalog; path = Assets.xcassets; sourceTree = "<group>"; };
		6487F63328A27E8E00C91F1C /* Base */ = {isa = PBXFileReference; lastKnownFileType = file.storyboard; name = Base; path = Base.lproj/LaunchScreen.storyboard; sourceTree = "<group>"; };
		6487F63528A27E8E00C91F1C /* Info.plist */ = {isa = PBXFileReference; lastKnownFileType = text.plist.xml; path = Info.plist; sourceTree = "<group>"; };
		6487F63A28A27E8E00C91F1C /* CBL Networking SocialTests.xctest */ = {isa = PBXFileReference; explicitFileType = wrapper.cfbundle; includeInIndex = 0; path = "CBL Networking SocialTests.xctest"; sourceTree = BUILT_PRODUCTS_DIR; };
		6487F63E28A27E8E00C91F1C /* CBL_Networking_SocialTests.swift */ = {isa = PBXFileReference; lastKnownFileType = sourcecode.swift; path = CBL_Networking_SocialTests.swift; sourceTree = "<group>"; };
		6487F64428A27E8E00C91F1C /* CBL Networking SocialUITests.xctest */ = {isa = PBXFileReference; explicitFileType = wrapper.cfbundle; includeInIndex = 0; path = "CBL Networking SocialUITests.xctest"; sourceTree = BUILT_PRODUCTS_DIR; };
		6487F64828A27E8E00C91F1C /* CBL_Networking_SocialUITests.swift */ = {isa = PBXFileReference; lastKnownFileType = sourcecode.swift; path = CBL_Networking_SocialUITests.swift; sourceTree = "<group>"; };
		6487F64A28A27E8E00C91F1C /* CBL_Networking_SocialUITestsLaunchTests.swift */ = {isa = PBXFileReference; lastKnownFileType = sourcecode.swift; path = CBL_Networking_SocialUITestsLaunchTests.swift; sourceTree = "<group>"; };
		6487F65D28A2808F00C91F1C /* API.swift */ = {isa = PBXFileReference; lastKnownFileType = sourcecode.swift; path = API.swift; sourceTree = "<group>"; };
		6487F65F28A280C600C91F1C /* UsersModel.swift */ = {isa = PBXFileReference; lastKnownFileType = sourcecode.swift; path = UsersModel.swift; sourceTree = "<group>"; };
		6487F66128A280D100C91F1C /* PostsModel.swift */ = {isa = PBXFileReference; lastKnownFileType = sourcecode.swift; path = PostsModel.swift; sourceTree = "<group>"; };
		6487F66328A2810A00C91F1C /* CreateUserView.swift */ = {isa = PBXFileReference; lastKnownFileType = sourcecode.swift; path = CreateUserView.swift; sourceTree = "<group>"; };
		6487F66528A2812D00C91F1C /* LoginView.swift */ = {isa = PBXFileReference; lastKnownFileType = sourcecode.swift; path = LoginView.swift; sourceTree = "<group>"; };
		6487F66928A2816A00C91F1C /* PostsView.swift */ = {isa = PBXFileReference; lastKnownFileType = sourcecode.swift; path = PostsView.swift; sourceTree = "<group>"; };
		6487F66B28A281AA00C91F1C /* CreatVC.swift */ = {isa = PBXFileReference; lastKnownFileType = sourcecode.swift; path = CreatVC.swift; sourceTree = "<group>"; };
		6487F6EE28AD5CD100C91F1C /* KeyChain.swift */ = {isa = PBXFileReference; lastKnownFileType = sourcecode.swift; path = KeyChain.swift; sourceTree = "<group>"; };
		6487F6F028AE771400C91F1C /* LoginViewController.swift */ = {isa = PBXFileReference; lastKnownFileType = sourcecode.swift; path = LoginViewController.swift; sourceTree = "<group>"; };
		6487F6F228AE7B7400C91F1C /* CreateUserViewController.swift */ = {isa = PBXFileReference; lastKnownFileType = sourcecode.swift; path = CreateUserViewController.swift; sourceTree = "<group>"; };
		6487F6F428AE7BD000C91F1C /* PostsViewController.swift */ = {isa = PBXFileReference; lastKnownFileType = sourcecode.swift; path = PostsViewController.swift; sourceTree = "<group>"; };
/* End PBXFileReference section */

/* Begin PBXFrameworksBuildPhase section */
		6487F62128A27E8C00C91F1C /* Frameworks */ = {
			isa = PBXFrameworksBuildPhase;
			buildActionMask = 2147483647;
			files = (
			);
			runOnlyForDeploymentPostprocessing = 0;
		};
		6487F63728A27E8E00C91F1C /* Frameworks */ = {
			isa = PBXFrameworksBuildPhase;
			buildActionMask = 2147483647;
			files = (
			);
			runOnlyForDeploymentPostprocessing = 0;
		};
		6487F64128A27E8E00C91F1C /* Frameworks */ = {
			isa = PBXFrameworksBuildPhase;
			buildActionMask = 2147483647;
			files = (
			);
			runOnlyForDeploymentPostprocessing = 0;
		};
/* End PBXFrameworksBuildPhase section */

/* Begin PBXGroup section */
		6487F61B28A27E8C00C91F1C = {
			isa = PBXGroup;
			children = (
				6487F62628A27E8C00C91F1C /* CBL Networking Social */,
				6487F63D28A27E8E00C91F1C /* CBL Networking SocialTests */,
				6487F64728A27E8E00C91F1C /* CBL Networking SocialUITests */,
				6487F62528A27E8C00C91F1C /* Products */,
			);
			sourceTree = "<group>";
		};
		6487F62528A27E8C00C91F1C /* Products */ = {
			isa = PBXGroup;
			children = (
				6487F62428A27E8C00C91F1C /* CBL Networking Social.app */,
				6487F63A28A27E8E00C91F1C /* CBL Networking SocialTests.xctest */,
				6487F64428A27E8E00C91F1C /* CBL Networking SocialUITests.xctest */,
			);
			name = Products;
			sourceTree = "<group>";
		};
		6487F62628A27E8C00C91F1C /* CBL Networking Social */ = {
			isa = PBXGroup;
			children = (
				6487F62728A27E8C00C91F1C /* AppDelegate.swift */,
				6487F62928A27E8C00C91F1C /* SceneDelegate.swift */,
				6487F65928A27F3500C91F1C /* Model */,
				6487F65C28A2805D00C91F1C /* ViewModel */,
				6487F65B28A2800C00C91F1C /* Service */,
				6487F65A28A27FAE00C91F1C /* View */,
				6487F63028A27E8E00C91F1C /* Assets.xcassets */,
				6487F63228A27E8E00C91F1C /* LaunchScreen.storyboard */,
				6487F63528A27E8E00C91F1C /* Info.plist */,
			);
			path = "CBL Networking Social";
			sourceTree = "<group>";
		};
		6487F63D28A27E8E00C91F1C /* CBL Networking SocialTests */ = {
			isa = PBXGroup;
			children = (
				6487F63E28A27E8E00C91F1C /* CBL_Networking_SocialTests.swift */,
			);
			path = "CBL Networking SocialTests";
			sourceTree = "<group>";
		};
		6487F64728A27E8E00C91F1C /* CBL Networking SocialUITests */ = {
			isa = PBXGroup;
			children = (
				6487F64828A27E8E00C91F1C /* CBL_Networking_SocialUITests.swift */,
				6487F64A28A27E8E00C91F1C /* CBL_Networking_SocialUITestsLaunchTests.swift */,
			);
			path = "CBL Networking SocialUITests";
			sourceTree = "<group>";
		};
		6487F65928A27F3500C91F1C /* Model */ = {
			isa = PBXGroup;
			children = (
				6487F65F28A280C600C91F1C /* UsersModel.swift */,
				6487F66128A280D100C91F1C /* PostsModel.swift */,
			);
			path = Model;
			sourceTree = "<group>";
		};
		6487F65A28A27FAE00C91F1C /* View */ = {
			isa = PBXGroup;
			children = (
				6487F66B28A281AA00C91F1C /* CreatVC.swift */,
				6487F62B28A27E8C00C91F1C /* ViewController.swift */,
				6487F66328A2810A00C91F1C /* CreateUserView.swift */,
				6487F6F228AE7B7400C91F1C /* CreateUserViewController.swift */,
				6487F66528A2812D00C91F1C /* LoginView.swift */,
				6487F6F028AE771400C91F1C /* LoginViewController.swift */,
				6487F66928A2816A00C91F1C /* PostsView.swift */,
				6487F6F428AE7BD000C91F1C /* PostsViewController.swift */,
			);
			path = View;
			sourceTree = "<group>";
		};
		6487F65B28A2800C00C91F1C /* Service */ = {
			isa = PBXGroup;
			children = (
				6487F6EE28AD5CD100C91F1C /* KeyChain.swift */,
				6487F65D28A2808F00C91F1C /* API.swift */,
			);
			path = Service;
			sourceTree = "<group>";
		};
		6487F65C28A2805D00C91F1C /* ViewModel */ = {
			isa = PBXGroup;
			children = (
			);
			path = ViewModel;
			sourceTree = "<group>";
		};
/* End PBXGroup section */

/* Begin PBXNativeTarget section */
		6487F62328A27E8C00C91F1C /* CBL Networking Social */ = {
			isa = PBXNativeTarget;
			buildConfigurationList = 6487F64E28A27E8E00C91F1C /* Build configuration list for PBXNativeTarget "CBL Networking Social" */;
			buildPhases = (
				6487F62028A27E8C00C91F1C /* Sources */,
				6487F62128A27E8C00C91F1C /* Frameworks */,
				6487F62228A27E8C00C91F1C /* Resources */,
			);
			buildRules = (
			);
			dependencies = (
			);
			name = "CBL Networking Social";
			productName = "CBL Networking Social";
			productReference = 6487F62428A27E8C00C91F1C /* CBL Networking Social.app */;
			productType = "com.apple.product-type.application";
		};
		6487F63928A27E8E00C91F1C /* CBL Networking SocialTests */ = {
			isa = PBXNativeTarget;
			buildConfigurationList = 6487F65128A27E8E00C91F1C /* Build configuration list for PBXNativeTarget "CBL Networking SocialTests" */;
			buildPhases = (
				6487F63628A27E8E00C91F1C /* Sources */,
				6487F63728A27E8E00C91F1C /* Frameworks */,
				6487F63828A27E8E00C91F1C /* Resources */,
			);
			buildRules = (
			);
			dependencies = (
				6487F63C28A27E8E00C91F1C /* PBXTargetDependency */,
			);
			name = "CBL Networking SocialTests";
			productName = "CBL Networking SocialTests";
			productReference = 6487F63A28A27E8E00C91F1C /* CBL Networking SocialTests.xctest */;
			productType = "com.apple.product-type.bundle.unit-test";
		};
		6487F64328A27E8E00C91F1C /* CBL Networking SocialUITests */ = {
			isa = PBXNativeTarget;
			buildConfigurationList = 6487F65428A27E8E00C91F1C /* Build configuration list for PBXNativeTarget "CBL Networking SocialUITests" */;
			buildPhases = (
				6487F64028A27E8E00C91F1C /* Sources */,
				6487F64128A27E8E00C91F1C /* Frameworks */,
				6487F64228A27E8E00C91F1C /* Resources */,
			);
			buildRules = (
			);
			dependencies = (
				6487F64628A27E8E00C91F1C /* PBXTargetDependency */,
			);
			name = "CBL Networking SocialUITests";
			productName = "CBL Networking SocialUITests";
			productReference = 6487F64428A27E8E00C91F1C /* CBL Networking SocialUITests.xctest */;
			productType = "com.apple.product-type.bundle.ui-testing";
		};
/* End PBXNativeTarget section */

/* Begin PBXProject section */
		6487F61C28A27E8C00C91F1C /* Project object */ = {
			isa = PBXProject;
			attributes = {
				BuildIndependentTargetsInParallel = 1;
				LastSwiftUpdateCheck = 1330;
				LastUpgradeCheck = 1330;
				TargetAttributes = {
					6487F62328A27E8C00C91F1C = {
						CreatedOnToolsVersion = 13.3.1;
					};
					6487F63928A27E8E00C91F1C = {
						CreatedOnToolsVersion = 13.3.1;
						TestTargetID = 6487F62328A27E8C00C91F1C;
					};
					6487F64328A27E8E00C91F1C = {
						CreatedOnToolsVersion = 13.3.1;
						TestTargetID = 6487F62328A27E8C00C91F1C;
					};
				};
			};
			buildConfigurationList = 6487F61F28A27E8C00C91F1C /* Build configuration list for PBXProject "CBL Networking Social" */;
			compatibilityVersion = "Xcode 13.0";
			developmentRegion = en;
			hasScannedForEncodings = 0;
			knownRegions = (
				en,
				Base,
			);
			mainGroup = 6487F61B28A27E8C00C91F1C;
			productRefGroup = 6487F62528A27E8C00C91F1C /* Products */;
			projectDirPath = "";
			projectRoot = "";
			targets = (
				6487F62328A27E8C00C91F1C /* CBL Networking Social */,
				6487F63928A27E8E00C91F1C /* CBL Networking SocialTests */,
				6487F64328A27E8E00C91F1C /* CBL Networking SocialUITests */,
			);
		};
/* End PBXProject section */

/* Begin PBXResourcesBuildPhase section */
		6487F62228A27E8C00C91F1C /* Resources */ = {
			isa = PBXResourcesBuildPhase;
			buildActionMask = 2147483647;
			files = (
				6487F63428A27E8E00C91F1C /* LaunchScreen.storyboard in Resources */,
				6487F63128A27E8E00C91F1C /* Assets.xcassets in Resources */,
			);
			runOnlyForDeploymentPostprocessing = 0;
		};
		6487F63828A27E8E00C91F1C /* Resources */ = {
			isa = PBXResourcesBuildPhase;
			buildActionMask = 2147483647;
			files = (
			);
			runOnlyForDeploymentPostprocessing = 0;
		};
		6487F64228A27E8E00C91F1C /* Resources */ = {
			isa = PBXResourcesBuildPhase;
			buildActionMask = 2147483647;
			files = (
			);
			runOnlyForDeploymentPostprocessing = 0;
		};
/* End PBXResourcesBuildPhase section */

/* Begin PBXSourcesBuildPhase section */
		6487F62028A27E8C00C91F1C /* Sources */ = {
			isa = PBXSourcesBuildPhase;
			buildActionMask = 2147483647;
			files = (
				6487F6F528AE7BD000C91F1C /* PostsViewController.swift in Sources */,
				6487F6F128AE771400C91F1C /* LoginViewController.swift in Sources */,
				6487F62C28A27E8C00C91F1C /* ViewController.swift in Sources */,
				6487F62828A27E8C00C91F1C /* AppDelegate.swift in Sources */,
				6487F65E28A2808F00C91F1C /* API.swift in Sources */,
				6487F66028A280C600C91F1C /* UsersModel.swift in Sources */,
				6487F62A28A27E8C00C91F1C /* SceneDelegate.swift in Sources */,
				6487F6F328AE7B7400C91F1C /* CreateUserViewController.swift in Sources */,
				6487F66228A280D100C91F1C /* PostsModel.swift in Sources */,
				6487F66C28A281AA00C91F1C /* CreatVC.swift in Sources */,
				6487F66A28A2816A00C91F1C /* PostsView.swift in Sources */,
				6487F66428A2810A00C91F1C /* CreateUserView.swift in Sources */,
				6487F66628A2812D00C91F1C /* LoginView.swift in Sources */,
				6487F6EF28AD5CD100C91F1C /* KeyChain.swift in Sources */,
			);
			runOnlyForDeploymentPostprocessing = 0;
		};
		6487F63628A27E8E00C91F1C /* Sources */ = {
			isa = PBXSourcesBuildPhase;
			buildActionMask = 2147483647;
			files = (
				6487F63F28A27E8E00C91F1C /* CBL_Networking_SocialTests.swift in Sources */,
			);
			runOnlyForDeploymentPostprocessing = 0;
		};
		6487F64028A27E8E00C91F1C /* Sources */ = {
			isa = PBXSourcesBuildPhase;
			buildActionMask = 2147483647;
			files = (
				6487F64928A27E8E00C91F1C /* CBL_Networking_SocialUITests.swift in Sources */,
				6487F64B28A27E8E00C91F1C /* CBL_Networking_SocialUITestsLaunchTests.swift in Sources */,
			);
			runOnlyForDeploymentPostprocessing = 0;
		};
/* End PBXSourcesBuildPhase section */

/* Begin PBXTargetDependency section */
		6487F63C28A27E8E00C91F1C /* PBXTargetDependency */ = {
			isa = PBXTargetDependency;
			target = 6487F62328A27E8C00C91F1C /* CBL Networking Social */;
			targetProxy = 6487F63B28A27E8E00C91F1C /* PBXContainerItemProxy */;
		};
		6487F64628A27E8E00C91F1C /* PBXTargetDependency */ = {
			isa = PBXTargetDependency;
			target = 6487F62328A27E8C00C91F1C /* CBL Networking Social */;
			targetProxy = 6487F64528A27E8E00C91F1C /* PBXContainerItemProxy */;
		};
/* End PBXTargetDependency section */

/* Begin PBXVariantGroup section */
		6487F63228A27E8E00C91F1C /* LaunchScreen.storyboard */ = {
			isa = PBXVariantGroup;
			children = (
				6487F63328A27E8E00C91F1C /* Base */,
			);
			name = LaunchScreen.storyboard;
			sourceTree = "<group>";
		};
/* End PBXVariantGroup section */

/* Begin XCBuildConfiguration section */
		6487F64C28A27E8E00C91F1C /* Debug */ = {
			isa = XCBuildConfiguration;
			buildSettings = {
				ALWAYS_SEARCH_USER_PATHS = NO;
				CLANG_ANALYZER_NONNULL = YES;
				CLANG_ANALYZER_NUMBER_OBJECT_CONVERSION = YES_AGGRESSIVE;
				CLANG_CXX_LANGUAGE_STANDARD = "gnu++17";
				CLANG_ENABLE_MODULES = YES;
				CLANG_ENABLE_OBJC_ARC = YES;
				CLANG_ENABLE_OBJC_WEAK = YES;
				CLANG_WARN_BLOCK_CAPTURE_AUTORELEASING = YES;
				CLANG_WARN_BOOL_CONVERSION = YES;
				CLANG_WARN_COMMA = YES;
				CLANG_WARN_CONSTANT_CONVERSION = YES;
				CLANG_WARN_DEPRECATED_OBJC_IMPLEMENTATIONS = YES;
				CLANG_WARN_DIRECT_OBJC_ISA_USAGE = YES_ERROR;
				CLANG_WARN_DOCUMENTATION_COMMENTS = YES;
				CLANG_WARN_EMPTY_BODY = YES;
				CLANG_WARN_ENUM_CONVERSION = YES;
				CLANG_WARN_INFINITE_RECURSION = YES;
				CLANG_WARN_INT_CONVERSION = YES;
				CLANG_WARN_NON_LITERAL_NULL_CONVERSION = YES;
				CLANG_WARN_OBJC_IMPLICIT_RETAIN_SELF = YES;
				CLANG_WARN_OBJC_LITERAL_CONVERSION = YES;
				CLANG_WARN_OBJC_ROOT_CLASS = YES_ERROR;
				CLANG_WARN_QUOTED_INCLUDE_IN_FRAMEWORK_HEADER = YES;
				CLANG_WARN_RANGE_LOOP_ANALYSIS = YES;
				CLANG_WARN_STRICT_PROTOTYPES = YES;
				CLANG_WARN_SUSPICIOUS_MOVE = YES;
				CLANG_WARN_UNGUARDED_AVAILABILITY = YES_AGGRESSIVE;
				CLANG_WARN_UNREACHABLE_CODE = YES;
				CLANG_WARN__DUPLICATE_METHOD_MATCH = YES;
				COPY_PHASE_STRIP = NO;
				DEBUG_INFORMATION_FORMAT = dwarf;
				ENABLE_STRICT_OBJC_MSGSEND = YES;
				ENABLE_TESTABILITY = YES;
				GCC_C_LANGUAGE_STANDARD = gnu11;
				GCC_DYNAMIC_NO_PIC = NO;
				GCC_NO_COMMON_BLOCKS = YES;
				GCC_OPTIMIZATION_LEVEL = 0;
				GCC_PREPROCESSOR_DEFINITIONS = (
					"DEBUG=1",
					"$(inherited)",
				);
				GCC_WARN_64_TO_32_BIT_CONVERSION = YES;
				GCC_WARN_ABOUT_RETURN_TYPE = YES_ERROR;
				GCC_WARN_UNDECLARED_SELECTOR = YES;
				GCC_WARN_UNINITIALIZED_AUTOS = YES_AGGRESSIVE;
				GCC_WARN_UNUSED_FUNCTION = YES;
				GCC_WARN_UNUSED_VARIABLE = YES;
				IPHONEOS_DEPLOYMENT_TARGET = 15.4;
				MTL_ENABLE_DEBUG_INFO = INCLUDE_SOURCE;
				MTL_FAST_MATH = YES;
				ONLY_ACTIVE_ARCH = YES;
				SDKROOT = iphoneos;
				SWIFT_ACTIVE_COMPILATION_CONDITIONS = DEBUG;
				SWIFT_OPTIMIZATION_LEVEL = "-Onone";
			};
			name = Debug;
		};
		6487F64D28A27E8E00C91F1C /* Release */ = {
			isa = XCBuildConfiguration;
			buildSettings = {
				ALWAYS_SEARCH_USER_PATHS = NO;
				CLANG_ANALYZER_NONNULL = YES;
				CLANG_ANALYZER_NUMBER_OBJECT_CONVERSION = YES_AGGRESSIVE;
				CLANG_CXX_LANGUAGE_STANDARD = "gnu++17";
				CLANG_ENABLE_MODULES = YES;
				CLANG_ENABLE_OBJC_ARC = YES;
				CLANG_ENABLE_OBJC_WEAK = YES;
				CLANG_WARN_BLOCK_CAPTURE_AUTORELEASING = YES;
				CLANG_WARN_BOOL_CONVERSION = YES;
				CLANG_WARN_COMMA = YES;
				CLANG_WARN_CONSTANT_CONVERSION = YES;
				CLANG_WARN_DEPRECATED_OBJC_IMPLEMENTATIONS = YES;
				CLANG_WARN_DIRECT_OBJC_ISA_USAGE = YES_ERROR;
				CLANG_WARN_DOCUMENTATION_COMMENTS = YES;
				CLANG_WARN_EMPTY_BODY = YES;
				CLANG_WARN_ENUM_CONVERSION = YES;
				CLANG_WARN_INFINITE_RECURSION = YES;
				CLANG_WARN_INT_CONVERSION = YES;
				CLANG_WARN_NON_LITERAL_NULL_CONVERSION = YES;
				CLANG_WARN_OBJC_IMPLICIT_RETAIN_SELF = YES;
				CLANG_WARN_OBJC_LITERAL_CONVERSION = YES;
				CLANG_WARN_OBJC_ROOT_CLASS = YES_ERROR;
				CLANG_WARN_QUOTED_INCLUDE_IN_FRAMEWORK_HEADER = YES;
				CLANG_WARN_RANGE_LOOP_ANALYSIS = YES;
				CLANG_WARN_STRICT_PROTOTYPES = YES;
				CLANG_WARN_SUSPICIOUS_MOVE = YES;
				CLANG_WARN_UNGUARDED_AVAILABILITY = YES_AGGRESSIVE;
				CLANG_WARN_UNREACHABLE_CODE = YES;
				CLANG_WARN__DUPLICATE_METHOD_MATCH = YES;
				COPY_PHASE_STRIP = NO;
				DEBUG_INFORMATION_FORMAT = "dwarf-with-dsym";
				ENABLE_NS_ASSERTIONS = NO;
				ENABLE_STRICT_OBJC_MSGSEND = YES;
				GCC_C_LANGUAGE_STANDARD = gnu11;
				GCC_NO_COMMON_BLOCKS = YES;
				GCC_WARN_64_TO_32_BIT_CONVERSION = YES;
				GCC_WARN_ABOUT_RETURN_TYPE = YES_ERROR;
				GCC_WARN_UNDECLARED_SELECTOR = YES;
				GCC_WARN_UNINITIALIZED_AUTOS = YES_AGGRESSIVE;
				GCC_WARN_UNUSED_FUNCTION = YES;
				GCC_WARN_UNUSED_VARIABLE = YES;
				IPHONEOS_DEPLOYMENT_TARGET = 15.4;
				MTL_ENABLE_DEBUG_INFO = NO;
				MTL_FAST_MATH = YES;
				SDKROOT = iphoneos;
				SWIFT_COMPILATION_MODE = wholemodule;
				SWIFT_OPTIMIZATION_LEVEL = "-O";
				VALIDATE_PRODUCT = YES;
			};
			name = Release;
		};
		6487F64F28A27E8E00C91F1C /* Debug */ = {
			isa = XCBuildConfiguration;
			buildSettings = {
				ASSETCATALOG_COMPILER_APPICON_NAME = AppIcon;
				ASSETCATALOG_COMPILER_GLOBAL_ACCENT_COLOR_NAME = AccentColor;
				CODE_SIGN_STYLE = Automatic;
				CURRENT_PROJECT_VERSION = 1;
				DEVELOPMENT_TEAM = D77WMSS6V2;
				GENERATE_INFOPLIST_FILE = YES;
				INFOPLIST_FILE = "CBL Networking Social/Info.plist";
				INFOPLIST_KEY_UIApplicationSupportsIndirectInputEvents = YES;
				INFOPLIST_KEY_UILaunchStoryboardName = LaunchScreen;
				INFOPLIST_KEY_UISupportedInterfaceOrientations_iPad = "UIInterfaceOrientationPortrait UIInterfaceOrientationPortraitUpsideDown UIInterfaceOrientationLandscapeLeft UIInterfaceOrientationLandscapeRight";
				INFOPLIST_KEY_UISupportedInterfaceOrientations_iPhone = "UIInterfaceOrientationPortrait UIInterfaceOrientationLandscapeLeft UIInterfaceOrientationLandscapeRight";
				LD_RUNPATH_SEARCH_PATHS = (
					"$(inherited)",
					"@executable_path/Frameworks",
				);
				MARKETING_VERSION = 1.0;
				PRODUCT_BUNDLE_IDENTIFIER = "Apple-Academy.CBL-Networking-Social";
				PRODUCT_NAME = "$(TARGET_NAME)";
				SWIFT_EMIT_LOC_STRINGS = YES;
				SWIFT_VERSION = 5.0;
				TARGETED_DEVICE_FAMILY = "1,2";
			};
			name = Debug;
		};
		6487F65028A27E8E00C91F1C /* Release */ = {
			isa = XCBuildConfiguration;
			buildSettings = {
				ASSETCATALOG_COMPILER_APPICON_NAME = AppIcon;
				ASSETCATALOG_COMPILER_GLOBAL_ACCENT_COLOR_NAME = AccentColor;
				CODE_SIGN_STYLE = Automatic;
				CURRENT_PROJECT_VERSION = 1;
				DEVELOPMENT_TEAM = D77WMSS6V2;
				GENERATE_INFOPLIST_FILE = YES;
				INFOPLIST_FILE = "CBL Networking Social/Info.plist";
				INFOPLIST_KEY_UIApplicationSupportsIndirectInputEvents = YES;
				INFOPLIST_KEY_UILaunchStoryboardName = LaunchScreen;
				INFOPLIST_KEY_UISupportedInterfaceOrientations_iPad = "UIInterfaceOrientationPortrait UIInterfaceOrientationPortraitUpsideDown UIInterfaceOrientationLandscapeLeft UIInterfaceOrientationLandscapeRight";
				INFOPLIST_KEY_UISupportedInterfaceOrientations_iPhone = "UIInterfaceOrientationPortrait UIInterfaceOrientationLandscapeLeft UIInterfaceOrientationLandscapeRight";
				LD_RUNPATH_SEARCH_PATHS = (
					"$(inherited)",
					"@executable_path/Frameworks",
				);
				MARKETING_VERSION = 1.0;
				PRODUCT_BUNDLE_IDENTIFIER = "Apple-Academy.CBL-Networking-Social";
				PRODUCT_NAME = "$(TARGET_NAME)";
				SWIFT_EMIT_LOC_STRINGS = YES;
				SWIFT_VERSION = 5.0;
				TARGETED_DEVICE_FAMILY = "1,2";
			};
			name = Release;
		};
		6487F65228A27E8E00C91F1C /* Debug */ = {
			isa = XCBuildConfiguration;
			buildSettings = {
				ALWAYS_EMBED_SWIFT_STANDARD_LIBRARIES = YES;
				BUNDLE_LOADER = "$(TEST_HOST)";
				CODE_SIGN_STYLE = Automatic;
				CURRENT_PROJECT_VERSION = 1;
				DEVELOPMENT_TEAM = D77WMSS6V2;
				GENERATE_INFOPLIST_FILE = YES;
				IPHONEOS_DEPLOYMENT_TARGET = 15.4;
				MARKETING_VERSION = 1.0;
				PRODUCT_BUNDLE_IDENTIFIER = "Apple-Academy.CBL-Networking-SocialTests";
				PRODUCT_NAME = "$(TARGET_NAME)";
				SWIFT_EMIT_LOC_STRINGS = NO;
				SWIFT_VERSION = 5.0;
				TARGETED_DEVICE_FAMILY = "1,2";
				TEST_HOST = "$(BUILT_PRODUCTS_DIR)/CBL Networking Social.app/CBL Networking Social";
			};
			name = Debug;
		};
		6487F65328A27E8E00C91F1C /* Release */ = {
			isa = XCBuildConfiguration;
			buildSettings = {
				ALWAYS_EMBED_SWIFT_STANDARD_LIBRARIES = YES;
				BUNDLE_LOADER = "$(TEST_HOST)";
				CODE_SIGN_STYLE = Automatic;
				CURRENT_PROJECT_VERSION = 1;
				DEVELOPMENT_TEAM = D77WMSS6V2;
				GENERATE_INFOPLIST_FILE = YES;
				IPHONEOS_DEPLOYMENT_TARGET = 15.4;
				MARKETING_VERSION = 1.0;
				PRODUCT_BUNDLE_IDENTIFIER = "Apple-Academy.CBL-Networking-SocialTests";
				PRODUCT_NAME = "$(TARGET_NAME)";
				SWIFT_EMIT_LOC_STRINGS = NO;
				SWIFT_VERSION = 5.0;
				TARGETED_DEVICE_FAMILY = "1,2";
				TEST_HOST = "$(BUILT_PRODUCTS_DIR)/CBL Networking Social.app/CBL Networking Social";
			};
			name = Release;
		};
		6487F65528A27E8E00C91F1C /* Debug */ = {
			isa = XCBuildConfiguration;
			buildSettings = {
				ALWAYS_EMBED_SWIFT_STANDARD_LIBRARIES = YES;
				CODE_SIGN_STYLE = Automatic;
				CURRENT_PROJECT_VERSION = 1;
				DEVELOPMENT_TEAM = D77WMSS6V2;
				GENERATE_INFOPLIST_FILE = YES;
				MARKETING_VERSION = 1.0;
				PRODUCT_BUNDLE_IDENTIFIER = "Apple-Academy.CBL-Networking-SocialUITests";
				PRODUCT_NAME = "$(TARGET_NAME)";
				SWIFT_EMIT_LOC_STRINGS = NO;
				SWIFT_VERSION = 5.0;
				TARGETED_DEVICE_FAMILY = "1,2";
				TEST_TARGET_NAME = "CBL Networking Social";
			};
			name = Debug;
		};
		6487F65628A27E8E00C91F1C /* Release */ = {
			isa = XCBuildConfiguration;
			buildSettings = {
				ALWAYS_EMBED_SWIFT_STANDARD_LIBRARIES = YES;
				CODE_SIGN_STYLE = Automatic;
				CURRENT_PROJECT_VERSION = 1;
				DEVELOPMENT_TEAM = D77WMSS6V2;
				GENERATE_INFOPLIST_FILE = YES;
				MARKETING_VERSION = 1.0;
				PRODUCT_BUNDLE_IDENTIFIER = "Apple-Academy.CBL-Networking-SocialUITests";
				PRODUCT_NAME = "$(TARGET_NAME)";
				SWIFT_EMIT_LOC_STRINGS = NO;
				SWIFT_VERSION = 5.0;
				TARGETED_DEVICE_FAMILY = "1,2";
				TEST_TARGET_NAME = "CBL Networking Social";
			};
			name = Release;
		};
/* End XCBuildConfiguration section */

/* Begin XCConfigurationList section */
		6487F61F28A27E8C00C91F1C /* Build configuration list for PBXProject "CBL Networking Social" */ = {
			isa = XCConfigurationList;
			buildConfigurations = (
				6487F64C28A27E8E00C91F1C /* Debug */,
				6487F64D28A27E8E00C91F1C /* Release */,
			);
			defaultConfigurationIsVisible = 0;
			defaultConfigurationName = Release;
		};
		6487F64E28A27E8E00C91F1C /* Build configuration list for PBXNativeTarget "CBL Networking Social" */ = {
			isa = XCConfigurationList;
			buildConfigurations = (
				6487F64F28A27E8E00C91F1C /* Debug */,
				6487F65028A27E8E00C91F1C /* Release */,
			);
			defaultConfigurationIsVisible = 0;
			defaultConfigurationName = Release;
		};
		6487F65128A27E8E00C91F1C /* Build configuration list for PBXNativeTarget "CBL Networking SocialTests" */ = {
			isa = XCConfigurationList;
			buildConfigurations = (
				6487F65228A27E8E00C91F1C /* Debug */,
				6487F65328A27E8E00C91F1C /* Release */,
			);
			defaultConfigurationIsVisible = 0;
			defaultConfigurationName = Release;
		};
		6487F65428A27E8E00C91F1C /* Build configuration list for PBXNativeTarget "CBL Networking SocialUITests" */ = {
			isa = XCConfigurationList;
			buildConfigurations = (
				6487F65528A27E8E00C91F1C /* Debug */,
				6487F65628A27E8E00C91F1C /* Release */,
			);
			defaultConfigurationIsVisible = 0;
			defaultConfigurationName = Release;
		};
/* End XCConfigurationList section */
	};
	rootObject = 6487F61C28A27E8C00C91F1C /* Project object */;
}
